
Microsoft Visual Studio Solution File, Format Version 12.00
# Visual Studio Version 17
VisualStudioVersion = 17.5.002.0
MinimumVisualStudioVersion = 10.0.40219.1
Project("{9A19103F-16F7-4668-BE54-9A1E7A4F7556}") = "Dem so lan xuat hien cua ki tu trong chuoi", "Dem so lan xuat hien cua ki tu trong chuoi.csproj", "{2C2240DA-5389-4463-8BC1-63C7DCC64291}"
EndProject
Global
	GlobalSection(SolutionConfigurationPlatforms) = preSolution
		Debug|Any CPU = Debug|Any CPU
		Release|Any CPU = Release|Any CPU
	EndGlobalSection
	GlobalSection(ProjectConfigurationPlatforms) = postSolution
		{2C2240DA-5389-4463-8BC1-63C7DCC64291}.Debug|Any CPU.ActiveCfg = Debug|Any CPU
		{2C2240DA-5389-4463-8BC1-63C7DCC64291}.Debug|Any CPU.Build.0 = Debug|Any CPU
		{2C2240DA-5389-4463-8BC1-63C7DCC64291}.Release|Any CPU.ActiveCfg = Release|Any CPU
		{2C2240DA-5389-4463-8BC1-63C7DCC64291}.Release|Any CPU.Build.0 = Release|Any CPU
	EndGlobalSection
	GlobalSection(SolutionProperties) = preSolution
		HideSolutionNode = FALSE
	EndGlobalSection
	GlobalSection(ExtensibilityGlobals) = postSolution
		SolutionGuid = {6369EAAF-782B-405B-A25B-0CACBD7AC826}
	EndGlobalSection
EndGlobal
